
Microsoft Visual Studio Solution File, Format Version 12.00
# Visual Studio 14
VisualStudioVersion = 14.0.24720.0
MinimumVisualStudioVersion = 10.0.40219.1
Project("{FAE04EC0-301F-11D3-BF4B-00C04F79EFBC}") = "QSSL Tool", "QSSL Tool\QSSL Tool.csproj", "{12040721-4B68-4A60-AC70-BBAB03C06D2E}"
EndProject
Project("{FAE04EC0-301F-11D3-BF4B-00C04F79EFBC}") = "QSSL Tool Testing", "QSSL Tool Testing\QSSL Tool Testing.csproj", "{496DD583-A8FB-4823-9DAF-A8E7006EA857}"
EndProject
Global
	GlobalSection(SolutionConfigurationPlatforms) = preSolution
		Debug|Any CPU = Debug|Any CPU
		Release|Any CPU = Release|Any CPU
	EndGlobalSection
	GlobalSection(ProjectConfigurationPlatforms) = postSolution
		{12040721-4B68-4A60-AC70-BBAB03C06D2E}.Debug|Any CPU.ActiveCfg = Debug|Any CPU
		{12040721-4B68-4A60-AC70-BBAB03C06D2E}.Debug|Any CPU.Build.0 = Debug|Any CPU
		{12040721-4B68-4A60-AC70-BBAB03C06D2E}.Release|Any CPU.ActiveCfg = Release|Any CPU
		{12040721-4B68-4A60-AC70-BBAB03C06D2E}.Release|Any CPU.Build.0 = Release|Any CPU
		{496DD583-A8FB-4823-9DAF-A8E7006EA857}.Debug|Any CPU.ActiveCfg = Debug|Any CPU
		{496DD583-A8FB-4823-9DAF-A8E7006EA857}.Debug|Any CPU.Build.0 = Debug|Any CPU
		{496DD583-A8FB-4823-9DAF-A8E7006EA857}.Release|Any CPU.ActiveCfg = Release|Any CPU
		{496DD583-A8FB-4823-9DAF-A8E7006EA857}.Release|Any CPU.Build.0 = Release|Any CPU
	EndGlobalSection
	GlobalSection(SolutionProperties) = preSolution
		HideSolutionNode = FALSE
	EndGlobalSection
EndGlobal
